
Microsoft Visual Studio Solution File, Format Version 12.00
# Visual Studio Version 17
VisualStudioVersion = 17.2.32616.157
MinimumVisualStudioVersion = 10.0.40219.1
Project("{FAE04EC0-301F-11D3-BF4B-00C04F79EFBC}") = "Inheritance", "Inheritance\Inheritance.csproj", "{33BE3F8F-5F2B-4489-9918-32EA93B64EBD}"
EndProject
Global
	GlobalSection(SolutionConfigurationPlatforms) = preSolution
		Debug|Any CPU = Debug|Any CPU
		Release|Any CPU = Release|Any CPU
	EndGlobalSection
	GlobalSection(ProjectConfigurationPlatforms) = postSolution
		{33BE3F8F-5F2B-4489-9918-32EA93B64EBD}.Debug|Any CPU.ActiveCfg = Debug|Any CPU
		{33BE3F8F-5F2B-4489-9918-32EA93B64EBD}.Debug|Any CPU.Build.0 = Debug|Any CPU
		{33BE3F8F-5F2B-4489-9918-32EA93B64EBD}.Release|Any CPU.ActiveCfg = Release|Any CPU
		{33BE3F8F-5F2B-4489-9918-32EA93B64EBD}.Release|Any CPU.Build.0 = Release|Any CPU
	EndGlobalSection
	GlobalSection(SolutionProperties) = preSolution
		HideSolutionNode = FALSE
	EndGlobalSection
	GlobalSection(ExtensibilityGlobals) = postSolution
		SolutionGuid = {E369B35E-21EE-40C6-9774-E9319F2B8671}
	EndGlobalSection
EndGlobal
